# THIS IS AN AUTOGENERATED FILE. DO NOT EDIT THIS FILE DIRECTLY.
# yarn lockfile v1


vertical-rhythm-reset@^1.2.0:
  version "1.2.0"
  resolved "https://registry.yarnpkg.com/vertical-rhythm-reset/-/vertical-rhythm-reset-1.2.0.tgz#5a7754ee539dafe556e1dd6045c46d183fc7eb92"
  integrity sha512-gbsuHYaLqaQhN4T/QNB5qIi3o4PN7jMIS0CLSg+pUNC9oks7L/qu/413xLzWZW4Rj1g27bSoyP5hekQGxWA4AQ==
